
Microsoft Visual Studio Solution File, Format Version 12.00
# Visual Studio Version 16
VisualStudioVersion = 16.0.30804.86
MinimumVisualStudioVersion = 10.0.40219.1
Project("{2150E333-8FDC-42A3-9474-1A3956D46DE8}") = "Services", "Services", "{F0FF5E98-A376-4EEF-8A38-CB7675D923BD}"
EndProject
Project("{2150E333-8FDC-42A3-9474-1A3956D46DE8}") = "Catalog", "Catalog", "{48012670-B8BC-434D-A86C-7811CBBC0B95}"
EndProject
Project("{9A19103F-16F7-4668-BE54-9A1E7A4F7556}") = "Catalog.API", "Services\Catalog\Catalog.API\Catalog.API.csproj", "{DF455895-E902-4996-8016-D5DB75885AE2}"
EndProject
Project("{E53339B2-1760-4266-BCC7-CA923CBCF16C}") = "docker-compose", "docker-compose.dcproj", "{F2AA401A-D676-4E3E-B904-A4C5358E9B97}"
EndProject
Project("{2150E333-8FDC-42A3-9474-1A3956D46DE8}") = "Basket", "Basket", "{1D035B74-6BD2-4C4D-8B86-1413080ACA5D}"
EndProject
Project("{9A19103F-16F7-4668-BE54-9A1E7A4F7556}") = "Basket.API", "Services\Basket\Basket.API\Basket.API.csproj", "{6D311066-3D5C-4C17-9ADF-EF8FED737D2A}"
EndProject
Project("{2150E333-8FDC-42A3-9474-1A3956D46DE8}") = "Discount", "Discount", "{8BC20C29-BCA3-41FE-990B-19D444F13B13}"
EndProject
Project("{FAE04EC0-301F-11D3-BF4B-00C04F79EFBC}") = "Discount.API", "Services\Discount\Discount.API\Discount.API.csproj", "{6E4362CD-1896-4467-8DD3-2F2B8AFA1AB7}"
EndProject
Project("{FAE04EC0-301F-11D3-BF4B-00C04F79EFBC}") = "Discount.Grpc", "Services\Discount\Discount.Grpc\Discount.Grpc.csproj", "{0C5C0AAB-01BC-4F3D-B671-F3B26779F226}"
EndProject
Project("{2150E333-8FDC-42A3-9474-1A3956D46DE8}") = "Ordering", "Ordering", "{46AAD62A-538E-480B-AF59-F8530CE74CDC}"
EndProject
Project("{FAE04EC0-301F-11D3-BF4B-00C04F79EFBC}") = "Ordering.API", "Services\Ordering\Ordering.API\Ordering.API.csproj", "{4EB7767C-0717-4843-80A1-441B2C717A1D}"
EndProject
Global
	GlobalSection(SolutionConfigurationPlatforms) = preSolution
		Debug|Any CPU = Debug|Any CPU
		Release|Any CPU = Release|Any CPU
	EndGlobalSection
	GlobalSection(ProjectConfigurationPlatforms) = postSolution
		{DF455895-E902-4996-8016-D5DB75885AE2}.Debug|Any CPU.ActiveCfg = Debug|Any CPU
		{DF455895-E902-4996-8016-D5DB75885AE2}.Debug|Any CPU.Build.0 = Debug|Any CPU
		{DF455895-E902-4996-8016-D5DB75885AE2}.Release|Any CPU.ActiveCfg = Release|Any CPU
		{DF455895-E902-4996-8016-D5DB75885AE2}.Release|Any CPU.Build.0 = Release|Any CPU
		{F2AA401A-D676-4E3E-B904-A4C5358E9B97}.Debug|Any CPU.ActiveCfg = Debug|Any CPU
		{F2AA401A-D676-4E3E-B904-A4C5358E9B97}.Debug|Any CPU.Build.0 = Debug|Any CPU
		{F2AA401A-D676-4E3E-B904-A4C5358E9B97}.Release|Any CPU.ActiveCfg = Release|Any CPU
		{F2AA401A-D676-4E3E-B904-A4C5358E9B97}.Release|Any CPU.Build.0 = Release|Any CPU
		{6D311066-3D5C-4C17-9ADF-EF8FED737D2A}.Debug|Any CPU.ActiveCfg = Debug|Any CPU
		{6D311066-3D5C-4C17-9ADF-EF8FED737D2A}.Debug|Any CPU.Build.0 = Debug|Any CPU
		{6D311066-3D5C-4C17-9ADF-EF8FED737D2A}.Release|Any CPU.ActiveCfg = Release|Any CPU
		{6D311066-3D5C-4C17-9ADF-EF8FED737D2A}.Release|Any CPU.Build.0 = Release|Any CPU
		{6E4362CD-1896-4467-8DD3-2F2B8AFA1AB7}.Debug|Any CPU.ActiveCfg = Debug|Any CPU
		{6E4362CD-1896-4467-8DD3-2F2B8AFA1AB7}.Debug|Any CPU.Build.0 = Debug|Any CPU
		{6E4362CD-1896-4467-8DD3-2F2B8AFA1AB7}.Release|Any CPU.ActiveCfg = Release|Any CPU
		{6E4362CD-1896-4467-8DD3-2F2B8AFA1AB7}.Release|Any CPU.Build.0 = Release|Any CPU
		{0C5C0AAB-01BC-4F3D-B671-F3B26779F226}.Debug|Any CPU.ActiveCfg = Debug|Any CPU
		{0C5C0AAB-01BC-4F3D-B671-F3B26779F226}.Debug|Any CPU.Build.0 = Debug|Any CPU
		{0C5C0AAB-01BC-4F3D-B671-F3B26779F226}.Release|Any CPU.ActiveCfg = Release|Any CPU
		{0C5C0AAB-01BC-4F3D-B671-F3B26779F226}.Release|Any CPU.Build.0 = Release|Any CPU
		{4EB7767C-0717-4843-80A1-441B2C717A1D}.Debug|Any CPU.ActiveCfg = Debug|Any CPU
		{4EB7767C-0717-4843-80A1-441B2C717A1D}.Debug|Any CPU.Build.0 = Debug|Any CPU
		{4EB7767C-0717-4843-80A1-441B2C717A1D}.Release|Any CPU.ActiveCfg = Release|Any CPU
		{4EB7767C-0717-4843-80A1-441B2C717A1D}.Release|Any CPU.Build.0 = Release|Any CPU
	EndGlobalSection
	GlobalSection(SolutionProperties) = preSolution
		HideSolutionNode = FALSE
	EndGlobalSection
	GlobalSection(NestedProjects) = preSolution
		{48012670-B8BC-434D-A86C-7811CBBC0B95} = {F0FF5E98-A376-4EEF-8A38-CB7675D923BD}
		{DF455895-E902-4996-8016-D5DB75885AE2} = {48012670-B8BC-434D-A86C-7811CBBC0B95}
		{1D035B74-6BD2-4C4D-8B86-1413080ACA5D} = {F0FF5E98-A376-4EEF-8A38-CB7675D923BD}
		{6D311066-3D5C-4C17-9ADF-EF8FED737D2A} = {1D035B74-6BD2-4C4D-8B86-1413080ACA5D}
		{8BC20C29-BCA3-41FE-990B-19D444F13B13} = {F0FF5E98-A376-4EEF-8A38-CB7675D923BD}
		{6E4362CD-1896-4467-8DD3-2F2B8AFA1AB7} = {8BC20C29-BCA3-41FE-990B-19D444F13B13}
		{0C5C0AAB-01BC-4F3D-B671-F3B26779F226} = {8BC20C29-BCA3-41FE-990B-19D444F13B13}
		{46AAD62A-538E-480B-AF59-F8530CE74CDC} = {F0FF5E98-A376-4EEF-8A38-CB7675D923BD}
		{4EB7767C-0717-4843-80A1-441B2C717A1D} = {46AAD62A-538E-480B-AF59-F8530CE74CDC}
	EndGlobalSection
	GlobalSection(ExtensibilityGlobals) = postSolution
		SolutionGuid = {BC6CC528-8547-4ACE-9AC6-E8ADB220F2E6}
	EndGlobalSection
EndGlobal
